
Microsoft Visual Studio Solution File, Format Version 12.00
# Visual Studio Version 17
VisualStudioVersion = 17.0.31903.59
MinimumVisualStudioVersion = 10.0.40219.1
Project("{2150E333-8FDC-42A3-9474-1A3956D46DE8}") = "src", "src", "{2BBB5B55-3A9F-472A-B57D-2B9CE356A2BD}"
EndProject
Project("{FAE04EC0-301F-11D3-BF4B-00C04F79EFBC}") = "Testing", "src\Testing\Testing.csproj", "{99726BD9-DE93-47E0-BEC1-943438F55A54}"
EndProject
Project("{FAE04EC0-301F-11D3-BF4B-00C04F79EFBC}") = "ParetoOptimalTVsLibrary", "src\ParetoOptimalTVsLibrary\ParetoOptimalTVsLibrary.csproj", "{7FF2018D-59DB-4F5F-A838-ED10113AB391}"
EndProject
Global
	GlobalSection(SolutionConfigurationPlatforms) = preSolution
		Debug|Any CPU = Debug|Any CPU
		Release|Any CPU = Release|Any CPU
	EndGlobalSection
	GlobalSection(SolutionProperties) = preSolution
		HideSolutionNode = FALSE
	EndGlobalSection
	GlobalSection(ProjectConfigurationPlatforms) = postSolution
		{99726BD9-DE93-47E0-BEC1-943438F55A54}.Debug|Any CPU.ActiveCfg = Debug|Any CPU
		{99726BD9-DE93-47E0-BEC1-943438F55A54}.Debug|Any CPU.Build.0 = Debug|Any CPU
		{99726BD9-DE93-47E0-BEC1-943438F55A54}.Release|Any CPU.ActiveCfg = Release|Any CPU
		{99726BD9-DE93-47E0-BEC1-943438F55A54}.Release|Any CPU.Build.0 = Release|Any CPU
		{7FF2018D-59DB-4F5F-A838-ED10113AB391}.Debug|Any CPU.ActiveCfg = Debug|Any CPU
		{7FF2018D-59DB-4F5F-A838-ED10113AB391}.Debug|Any CPU.Build.0 = Debug|Any CPU
		{7FF2018D-59DB-4F5F-A838-ED10113AB391}.Release|Any CPU.ActiveCfg = Release|Any CPU
		{7FF2018D-59DB-4F5F-A838-ED10113AB391}.Release|Any CPU.Build.0 = Release|Any CPU
	EndGlobalSection
	GlobalSection(NestedProjects) = preSolution
		{99726BD9-DE93-47E0-BEC1-943438F55A54} = {2BBB5B55-3A9F-472A-B57D-2B9CE356A2BD}
		{7FF2018D-59DB-4F5F-A838-ED10113AB391} = {2BBB5B55-3A9F-472A-B57D-2B9CE356A2BD}
	EndGlobalSection
EndGlobal
